
Microsoft Visual Studio Solution File, Format Version 12.00
# Visual Studio Version 17
VisualStudioVersion = 17.9.34723.18
MinimumVisualStudioVersion = 10.0.40219.1
Project("{FAE04EC0-301F-11D3-BF4B-00C04F79EFBC}") = "RequestTrackerApplication", "RequestTrackerApplication\RequestTrackerApplication.csproj", "{40CDB12F-FF33-4112-9650-66659479C351}"
EndProject
Project("{FAE04EC0-301F-11D3-BF4B-00C04F79EFBC}") = "RequestTrackerModelLibrary", "RequestTrackerModelLibrary\RequestTrackerModelLibrary.csproj", "{4F49FD1D-C2D1-4307-8D2D-D8B49FFA80D0}"
EndProject
Global
	GlobalSection(SolutionConfigurationPlatforms) = preSolution
		Debug|Any CPU = Debug|Any CPU
		Release|Any CPU = Release|Any CPU
	EndGlobalSection
	GlobalSection(ProjectConfigurationPlatforms) = postSolution
		{40CDB12F-FF33-4112-9650-66659479C351}.Debug|Any CPU.ActiveCfg = Debug|Any CPU
		{40CDB12F-FF33-4112-9650-66659479C351}.Debug|Any CPU.Build.0 = Debug|Any CPU
		{40CDB12F-FF33-4112-9650-66659479C351}.Release|Any CPU.ActiveCfg = Release|Any CPU
		{40CDB12F-FF33-4112-9650-66659479C351}.Release|Any CPU.Build.0 = Release|Any CPU
		{4F49FD1D-C2D1-4307-8D2D-D8B49FFA80D0}.Debug|Any CPU.ActiveCfg = Debug|Any CPU
		{4F49FD1D-C2D1-4307-8D2D-D8B49FFA80D0}.Debug|Any CPU.Build.0 = Debug|Any CPU
		{4F49FD1D-C2D1-4307-8D2D-D8B49FFA80D0}.Release|Any CPU.ActiveCfg = Release|Any CPU
		{4F49FD1D-C2D1-4307-8D2D-D8B49FFA80D0}.Release|Any CPU.Build.0 = Release|Any CPU
	EndGlobalSection
	GlobalSection(SolutionProperties) = preSolution
		HideSolutionNode = FALSE
	EndGlobalSection
	GlobalSection(ExtensibilityGlobals) = postSolution
		SolutionGuid = {44452AC5-763C-42CA-BE17-747CEFC028FF}
	EndGlobalSection
EndGlobal
