
Microsoft Visual Studio Solution File, Format Version 12.00
# Visual Studio Version 17
VisualStudioVersion = 17.9.34723.18
MinimumVisualStudioVersion = 10.0.40219.1
Project("{FAE04EC0-301F-11D3-BF4B-00C04F79EFBC}") = "EmployeeRequestTrackerAPI", "EmployeeRequestTrackerAPI\EmployeeRequestTrackerAPI.csproj", "{4042901A-C59B-4018-A867-2634873888E7}"
EndProject
Global
	GlobalSection(SolutionConfigurationPlatforms) = preSolution
		Debug|Any CPU = Debug|Any CPU
		Release|Any CPU = Release|Any CPU
	EndGlobalSection
	GlobalSection(ProjectConfigurationPlatforms) = postSolution
		{4042901A-C59B-4018-A867-2634873888E7}.Debug|Any CPU.ActiveCfg = Debug|Any CPU
		{4042901A-C59B-4018-A867-2634873888E7}.Debug|Any CPU.Build.0 = Debug|Any CPU
		{4042901A-C59B-4018-A867-2634873888E7}.Release|Any CPU.ActiveCfg = Release|Any CPU
		{4042901A-C59B-4018-A867-2634873888E7}.Release|Any CPU.Build.0 = Release|Any CPU
	EndGlobalSection
	GlobalSection(SolutionProperties) = preSolution
		HideSolutionNode = FALSE
	EndGlobalSection
	GlobalSection(ExtensibilityGlobals) = postSolution
		SolutionGuid = {8D1550AC-865E-4BE3-A66A-1A135EE2A57E}
	EndGlobalSection
EndGlobal
